// !$*UTF8*$!
{
	archiveVersion = 1;
	classes = {
	};
	objectVersion = 46;
	objects = {

/* Begin PBXBuildFile section */
		286EB2201C7CAAF20076B140 /* AppDelegate.swift in Sources */ = {isa = PBXBuildFile; fileRef = 286EB21F1C7CAAF20076B140 /* AppDelegate.swift */; };
		286EB2221C7CAAF20076B140 /* ViewController.swift in Sources */ = {isa = PBXBuildFile; fileRef = 286EB2211C7CAAF20076B140 /* ViewController.swift */; };
		286EB2251C7CAAF20076B140 /* Main.storyboard in Resources */ = {isa = PBXBuildFile; fileRef = 286EB2231C7CAAF20076B140 /* Main.storyboard */; };
		286EB2271C7CAAF20076B140 /* Assets.xcassets in Resources */ = {isa = PBXBuildFile; fileRef = 286EB2261C7CAAF20076B140 /* Assets.xcassets */; };
		286EB22A1C7CAAF20076B140 /* LaunchScreen.storyboard in Resources */ = {isa = PBXBuildFile; fileRef = 286EB2281C7CAAF20076B140 /* LaunchScreen.storyboard */; };
		28EFAB871C7CAB4700E607AF /* test.gif in Resources */ = {isa = PBXBuildFile; fileRef = 28EFAB861C7CAB4700E607AF /* test.gif */; };
		28EFAB891C7CAB7300E607AF /* JWAnimatedImageView.swift in Sources */ = {isa = PBXBuildFile; fileRef = 28EFAB881C7CAB7300E607AF /* JWAnimatedImageView.swift */; };
/* End PBXBuildFile section */

/* Begin PBXFileReference section */
		286EB21C1C7CAAF20076B140 /* JWAnimatedImage.app */ = {isa = PBXFileReference; explicitFileType = wrapper.application; includeInIndex = 0; path = JWAnimatedImage.app; sourceTree = BUILT_PRODUCTS_DIR; };
		286EB21F1C7CAAF20076B140 /* AppDelegate.swift */ = {isa = PBXFileReference; lastKnownFileType = sourcecode.swift; name = AppDelegate.swift; path = JWAnimatedImage/AppDelegate.swift; sourceTree = "<group>"; };
		286EB2211C7CAAF20076B140 /* ViewController.swift */ = {isa = PBXFileReference; lastKnownFileType = sourcecode.swift; name = ViewController.swift; path = JWAnimatedImage/ViewController.swift; sourceTree = "<group>"; };
		286EB2241C7CAAF20076B140 /* Base */ = {isa = PBXFileReference; lastKnownFileType = file.storyboard; name = Base; path = Base.lproj/Main.storyboard; sourceTree = "<group>"; };
		286EB2261C7CAAF20076B140 /* Assets.xcassets */ = {isa = PBXFileReference; lastKnownFileType = folder.assetcatalog; name = Assets.xcassets; path = JWAnimatedImage/Assets.xcassets; sourceTree = "<group>"; };
		286EB2291C7CAAF20076B140 /* Base */ = {isa = PBXFileReference; lastKnownFileType = file.storyboard; name = Base; path = Base.lproj/LaunchScreen.storyboard; sourceTree = "<group>"; };
		286EB22B1C7CAAF20076B140 /* Info.plist */ = {isa = PBXFileReference; lastKnownFileType = text.plist.xml; name = Info.plist; path = JWAnimatedImage/Info.plist; sourceTree = "<group>"; };
		28EFAB861C7CAB4700E607AF /* test.gif */ = {isa = PBXFileReference; lastKnownFileType = image.gif; name = test.gif; path = JWAnimatedImage/test.gif; sourceTree = "<group>"; };
		28EFAB881C7CAB7300E607AF /* JWAnimatedImageView.swift */ = {isa = PBXFileReference; fileEncoding = 4; lastKnownFileType = sourcecode.swift; path = JWAnimatedImageView.swift; sourceTree = "<group>"; };
/* End PBXFileReference section */

/* Begin PBXFrameworksBuildPhase section */
		286EB2191C7CAAF20076B140 /* Frameworks */ = {
			isa = PBXFrameworksBuildPhase;
			buildActionMask = 2147483647;
			files = (
			);
			runOnlyForDeploymentPostprocessing = 0;
		};
/* End PBXFrameworksBuildPhase section */

/* Begin PBXGroup section */
		286EB2131C7CAAF20076B140 = {
			isa = PBXGroup;
			children = (
				28EFAB851C7CAB3500E607AF /* JWAnimatedImageDemo */,
				286EB21E1C7CAAF20076B140 /* JWAnimatedImage */,
				286EB21D1C7CAAF20076B140 /* Products */,
			);
			sourceTree = "<group>";
		};
		286EB21D1C7CAAF20076B140 /* Products */ = {
			isa = PBXGroup;
			children = (
				286EB21C1C7CAAF20076B140 /* JWAnimatedImage.app */,
			);
			name = Products;
			sourceTree = "<group>";
		};
		286EB21E1C7CAAF20076B140 /* JWAnimatedImage */ = {
			isa = PBXGroup;
			children = (
				28EFAB881C7CAB7300E607AF /* JWAnimatedImageView.swift */,
			);
			path = JWAnimatedImage;
			sourceTree = "<group>";
		};
		28EFAB851C7CAB3500E607AF /* JWAnimatedImageDemo */ = {
			isa = PBXGroup;
			children = (
				286EB21F1C7CAAF20076B140 /* AppDelegate.swift */,
				286EB2211C7CAAF20076B140 /* ViewController.swift */,
				286EB2231C7CAAF20076B140 /* Main.storyboard */,
				286EB2261C7CAAF20076B140 /* Assets.xcassets */,
				286EB2281C7CAAF20076B140 /* LaunchScreen.storyboard */,
				286EB22B1C7CAAF20076B140 /* Info.plist */,
				28EFAB861C7CAB4700E607AF /* test.gif */,
			);
			name = JWAnimatedImageDemo;
			sourceTree = "<group>";
		};
/* End PBXGroup section */

/* Begin PBXNativeTarget section */
		286EB21B1C7CAAF20076B140 /* JWAnimatedImage */ = {
			isa = PBXNativeTarget;
			buildConfigurationList = 286EB22E1C7CAAF20076B140 /* Build configuration list for PBXNativeTarget "JWAnimatedImage" */;
			buildPhases = (
				286EB2181C7CAAF20076B140 /* Sources */,
				286EB2191C7CAAF20076B140 /* Frameworks */,
				286EB21A1C7CAAF20076B140 /* Resources */,
			);
			buildRules = (
			);
			dependencies = (
			);
			name = JWAnimatedImage;
			productName = JWAnimatedImage;
			productReference = 286EB21C1C7CAAF20076B140 /* JWAnimatedImage.app */;
			productType = "com.apple.product-type.application";
		};
/* End PBXNativeTarget section */

/* Begin PBXProject section */
		286EB2141C7CAAF20076B140 /* Project object */ = {
			isa = PBXProject;
			attributes = {
				LastSwiftUpdateCheck = 0720;
				LastUpgradeCheck = 0720;
				ORGANIZATIONNAME = JW;
				TargetAttributes = {
					286EB21B1C7CAAF20076B140 = {
						CreatedOnToolsVersion = 7.2.1;
						DevelopmentTeam = 7EGABX8KQS;
					};
				};
			};
			buildConfigurationList = 286EB2171C7CAAF20076B140 /* Build configuration list for PBXProject "JWAnimatedImage" */;
			compatibilityVersion = "Xcode 3.2";
			developmentRegion = English;
			hasScannedForEncodings = 0;
			knownRegions = (
				en,
				Base,
			);
			mainGroup = 286EB2131C7CAAF20076B140;
			productRefGroup = 286EB21D1C7CAAF20076B140 /* Products */;
			projectDirPath = "";
			projectRoot = "";
			targets = (
				286EB21B1C7CAAF20076B140 /* JWAnimatedImage */,
			);
		};
/* End PBXProject section */

/* Begin PBXResourcesBuildPhase section */
		286EB21A1C7CAAF20076B140 /* Resources */ = {
			isa = PBXResourcesBuildPhase;
			buildActionMask = 2147483647;
			files = (
				28EFAB871C7CAB4700E607AF /* test.gif in Resources */,
				286EB22A1C7CAAF20076B140 /* LaunchScreen.storyboard in Resources */,
				286EB2271C7CAAF20076B140 /* Assets.xcassets in Resources */,
				286EB2251C7CAAF20076B140 /* Main.storyboard in Resources */,
			);
			runOnlyForDeploymentPostprocessing = 0;
		};
/* End PBXResourcesBuildPhase section */

/* Begin PBXSourcesBuildPhase section */
		286EB2181C7CAAF20076B140 /* Sources */ = {
			isa = PBXSourcesBuildPhase;
			buildActionMask = 2147483647;
			files = (
				286EB2221C7CAAF20076B140 /* ViewController.swift in Sources */,
				28EFAB891C7CAB7300E607AF /* JWAnimatedImageView.swift in Sources */,
				286EB2201C7CAAF20076B140 /* AppDelegate.swift in Sources */,
			);
			runOnlyForDeploymentPostprocessing = 0;
		};
/* End PBXSourcesBuildPhase section */

/* Begin PBXVariantGroup section */
		286EB2231C7CAAF20076B140 /* Main.storyboard */ = {
			isa = PBXVariantGroup;
			children = (
				286EB2241C7CAAF20076B140 /* Base */,
			);
			name = Main.storyboard;
			path = JWAnimatedImage;
			sourceTree = "<group>";
		};
		286EB2281C7CAAF20076B140 /* LaunchScreen.storyboard */ = {
			isa = PBXVariantGroup;
			children = (
				286EB2291C7CAAF20076B140 /* Base */,
			);
			name = LaunchScreen.storyboard;
			path = JWAnimatedImage;
			sourceTree = "<group>";
		};
/* End PBXVariantGroup section */

/* Begin XCBuildConfiguration section */
		286EB22C1C7CAAF20076B140 /* Debug */ = {
			isa = XCBuildConfiguration;
			buildSettings = {
				ALWAYS_SEARCH_USER_PATHS = NO;
				CLANG_CXX_LANGUAGE_STANDARD = "gnu++0x";
				CLANG_CXX_LIBRARY = "libc++";
				CLANG_ENABLE_MODULES = YES;
				CLANG_ENABLE_OBJC_ARC = YES;
				CLANG_WARN_BOOL_CONVERSION = YES;
				CLANG_WARN_CONSTANT_CONVERSION = YES;
				CLANG_WARN_DIRECT_OBJC_ISA_USAGE = YES_ERROR;
				CLANG_WARN_EMPTY_BODY = YES;
				CLANG_WARN_ENUM_CONVERSION = YES;
				CLANG_WARN_INT_CONVERSION = YES;
				CLANG_WARN_OBJC_ROOT_CLASS = YES_ERROR;
				CLANG_WARN_UNREACHABLE_CODE = YES;
				CLANG_WARN__DUPLICATE_METHOD_MATCH = YES;
				"CODE_SIGN_IDENTITY[sdk=iphoneos*]" = "iPhone Developer";
				COPY_PHASE_STRIP = NO;
				DEBUG_INFORMATION_FORMAT = dwarf;
				ENABLE_STRICT_OBJC_MSGSEND = YES;
				ENABLE_TESTABILITY = YES;
				GCC_C_LANGUAGE_STANDARD = gnu99;
				GCC_DYNAMIC_NO_PIC = NO;
				GCC_NO_COMMON_BLOCKS = YES;
				GCC_OPTIMIZATION_LEVEL = 0;
				GCC_PREPROCESSOR_DEFINITIONS = (
					"DEBUG=1",
					"$(inherited)",
				);
				GCC_WARN_64_TO_32_BIT_CONVERSION = YES;
				GCC_WARN_ABOUT_RETURN_TYPE = YES_ERROR;
				GCC_WARN_UNDECLARED_SELECTOR = YES;
				GCC_WARN_UNINITIALIZED_AUTOS = YES_AGGRESSIVE;
				GCC_WARN_UNUSED_FUNCTION = YES;
				GCC_WARN_UNUSED_VARIABLE = YES;
				IPHONEOS_DEPLOYMENT_TARGET = 9.2;
				MTL_ENABLE_DEBUG_INFO = YES;
				ONLY_ACTIVE_ARCH = YES;
				SDKROOT = iphoneos;
				SWIFT_OPTIMIZATION_LEVEL = "-Onone";
				TARGETED_DEVICE_FAMILY = "1,2";
			};
			name = Debug;
		};
		286EB22D1C7CAAF20076B140 /* Release */ = {
			isa = XCBuildConfiguration;
			buildSettings = {
				ALWAYS_SEARCH_USER_PATHS = NO;
				CLANG_CXX_LANGUAGE_STANDARD = "gnu++0x";
				CLANG_CXX_LIBRARY = "libc++";
				CLANG_ENABLE_MODULES = YES;
				CLANG_ENABLE_OBJC_ARC = YES;
				CLANG_WARN_BOOL_CONVERSION = YES;
				CLANG_WARN_CONSTANT_CONVERSION = YES;
				CLANG_WARN_DIRECT_OBJC_ISA_USAGE = YES_ERROR;
				CLANG_WARN_EMPTY_BODY = YES;
				CLANG_WARN_ENUM_CONVERSION = YES;
				CLANG_WARN_INT_CONVERSION = YES;
				CLANG_WARN_OBJC_ROOT_CLASS = YES_ERROR;
				CLANG_WARN_UNREACHABLE_CODE = YES;
				CLANG_WARN__DUPLICATE_METHOD_MATCH = YES;
				"CODE_SIGN_IDENTITY[sdk=iphoneos*]" = "iPhone Developer";
				COPY_PHASE_STRIP = NO;
				DEBUG_INFORMATION_FORMAT = "dwarf-with-dsym";
				ENABLE_NS_ASSERTIONS = NO;
				ENABLE_STRICT_OBJC_MSGSEND = YES;
				GCC_C_LANGUAGE_STANDARD = gnu99;
				GCC_NO_COMMON_BLOCKS = YES;
				GCC_WARN_64_TO_32_BIT_CONVERSION = YES;
				GCC_WARN_ABOUT_RETURN_TYPE = YES_ERROR;
				GCC_WARN_UNDECLARED_SELECTOR = YES;
				GCC_WARN_UNINITIALIZED_AUTOS = YES_AGGRESSIVE;
				GCC_WARN_UNUSED_FUNCTION = YES;
				GCC_WARN_UNUSED_VARIABLE = YES;
				IPHONEOS_DEPLOYMENT_TARGET = 9.2;
				MTL_ENABLE_DEBUG_INFO = NO;
				SDKROOT = iphoneos;
				TARGETED_DEVICE_FAMILY = "1,2";
				VALIDATE_PRODUCT = YES;
			};
			name = Release;
		};
		286EB22F1C7CAAF20076B140 /* Debug */ = {
			isa = XCBuildConfiguration;
			buildSettings = {
				ASSETCATALOG_COMPILER_APPICON_NAME = AppIcon;
				INFOPLIST_FILE = JWAnimatedImage/Info.plist;
				LD_RUNPATH_SEARCH_PATHS = "$(inherited) @executable_path/Frameworks";
				PRODUCT_BUNDLE_IDENTIFIER = me.jw.JWAnimatedImage;
				PRODUCT_NAME = "$(TARGET_NAME)";
			};
			name = Debug;
		};
		286EB2301C7CAAF20076B140 /* Release */ = {
			isa = XCBuildConfiguration;
			buildSettings = {
				ASSETCATALOG_COMPILER_APPICON_NAME = AppIcon;
				INFOPLIST_FILE = JWAnimatedImage/Info.plist;
				LD_RUNPATH_SEARCH_PATHS = "$(inherited) @executable_path/Frameworks";
				PRODUCT_BUNDLE_IDENTIFIER = me.jw.JWAnimatedImage;
				PRODUCT_NAME = "$(TARGET_NAME)";
			};
			name = Release;
		};
/* End XCBuildConfiguration section */

/* Begin XCConfigurationList section */
		286EB2171C7CAAF20076B140 /* Build configuration list for PBXProject "JWAnimatedImage" */ = {
			isa = XCConfigurationList;
			buildConfigurations = (
				286EB22C1C7CAAF20076B140 /* Debug */,
				286EB22D1C7CAAF20076B140 /* Release */,
			);
			defaultConfigurationIsVisible = 0;
			defaultConfigurationName = Release;
		};
		286EB22E1C7CAAF20076B140 /* Build configuration list for PBXNativeTarget "JWAnimatedImage" */ = {
			isa = XCConfigurationList;
			buildConfigurations = (
				286EB22F1C7CAAF20076B140 /* Debug */,
				286EB2301C7CAAF20076B140 /* Release */,
			);
			defaultConfigurationIsVisible = 0;
			defaultConfigurationName = Release;
		};
/* End XCConfigurationList section */
	};
	rootObject = 286EB2141C7CAAF20076B140 /* Project object */;
}
